
Microsoft Visual Studio Solution File, Format Version 12.00
# Visual Studio Version 17
VisualStudioVersion = 17.9.34728.123
MinimumVisualStudioVersion = 10.0.40219.1
Project("{FAE04EC0-301F-11D3-BF4B-00C04F79EFBC}") = "WP1", "WP1\WP1.csproj", "{E1410B7D-4A17-417D-8614-15B00C6A161A}"
EndProject
Global
	GlobalSection(SolutionConfigurationPlatforms) = preSolution
		Debug|Any CPU = Debug|Any CPU
		Release|Any CPU = Release|Any CPU
	EndGlobalSection
	GlobalSection(ProjectConfigurationPlatforms) = postSolution
		{E1410B7D-4A17-417D-8614-15B00C6A161A}.Debug|Any CPU.ActiveCfg = Debug|Any CPU
		{E1410B7D-4A17-417D-8614-15B00C6A161A}.Debug|Any CPU.Build.0 = Debug|Any CPU
		{E1410B7D-4A17-417D-8614-15B00C6A161A}.Release|Any CPU.ActiveCfg = Release|Any CPU
		{E1410B7D-4A17-417D-8614-15B00C6A161A}.Release|Any CPU.Build.0 = Release|Any CPU
	EndGlobalSection
	GlobalSection(SolutionProperties) = preSolution
		HideSolutionNode = FALSE
	EndGlobalSection
	GlobalSection(ExtensibilityGlobals) = postSolution
		SolutionGuid = {4EE37EAC-C82F-46E8-AC30-55A9445CD3FA}
	EndGlobalSection
EndGlobal
